// !$*UTF8*$!
{
	archiveVersion = 1;
	classes = {
	};
	objectVersion = 46;
	objects = {

/* Begin PBXBuildFile section */
		FD601D821DFD367D0067960D /* main.m in Sources */ = {isa = PBXBuildFile; fileRef = FD601D811DFD367D0067960D /* main.m */; };
		FD601D851DFD367D0067960D /* AppDelegate.m in Sources */ = {isa = PBXBuildFile; fileRef = FD601D841DFD367D0067960D /* AppDelegate.m */; };
		FD601D881DFD367D0067960D /* ViewController.m in Sources */ = {isa = PBXBuildFile; fileRef = FD601D871DFD367D0067960D /* ViewController.m */; };
		FD601D8B1DFD367D0067960D /* Main.storyboard in Resources */ = {isa = PBXBuildFile; fileRef = FD601D891DFD367D0067960D /* Main.storyboard */; };
		FD601D8D1DFD367D0067960D /* Assets.xcassets in Resources */ = {isa = PBXBuildFile; fileRef = FD601D8C1DFD367D0067960D /* Assets.xcassets */; };
		FD601D901DFD367D0067960D /* LaunchScreen.storyboard in Resources */ = {isa = PBXBuildFile; fileRef = FD601D8E1DFD367D0067960D /* LaunchScreen.storyboard */; };
		FD601D991DFD38870067960D /* RedView.m in Sources */ = {isa = PBXBuildFile; fileRef = FD601D981DFD38870067960D /* RedView.m */; };
/* End PBXBuildFile section */

/* Begin PBXFileReference section */
		FD601D7D1DFD367D0067960D /* 12-UIView与核心动画的区别.app */ = {isa = PBXFileReference; explicitFileType = wrapper.application; includeInIndex = 0; path = "12-UIView与核心动画的区别.app"; sourceTree = BUILT_PRODUCTS_DIR; };
		FD601D811DFD367D0067960D /* main.m */ = {isa = PBXFileReference; lastKnownFileType = sourcecode.c.objc; path = main.m; sourceTree = "<group>"; };
		FD601D831DFD367D0067960D /* AppDelegate.h */ = {isa = PBXFileReference; lastKnownFileType = sourcecode.c.h; path = AppDelegate.h; sourceTree = "<group>"; };
		FD601D841DFD367D0067960D /* AppDelegate.m */ = {isa = PBXFileReference; lastKnownFileType = sourcecode.c.objc; path = AppDelegate.m; sourceTree = "<group>"; };
		FD601D861DFD367D0067960D /* ViewController.h */ = {isa = PBXFileReference; lastKnownFileType = sourcecode.c.h; path = ViewController.h; sourceTree = "<group>"; };
		FD601D871DFD367D0067960D /* ViewController.m */ = {isa = PBXFileReference; lastKnownFileType = sourcecode.c.objc; path = ViewController.m; sourceTree = "<group>"; };
		FD601D8A1DFD367D0067960D /* Base */ = {isa = PBXFileReference; lastKnownFileType = file.storyboard; name = Base; path = Base.lproj/Main.storyboard; sourceTree = "<group>"; };
		FD601D8C1DFD367D0067960D /* Assets.xcassets */ = {isa = PBXFileReference; lastKnownFileType = folder.assetcatalog; path = Assets.xcassets; sourceTree = "<group>"; };
		FD601D8F1DFD367D0067960D /* Base */ = {isa = PBXFileReference; lastKnownFileType = file.storyboard; name = Base; path = Base.lproj/LaunchScreen.storyboard; sourceTree = "<group>"; };
		FD601D911DFD367D0067960D /* Info.plist */ = {isa = PBXFileReference; lastKnownFileType = text.plist.xml; path = Info.plist; sourceTree = "<group>"; };
		FD601D971DFD38870067960D /* RedView.h */ = {isa = PBXFileReference; fileEncoding = 4; lastKnownFileType = sourcecode.c.h; path = RedView.h; sourceTree = "<group>"; };
		FD601D981DFD38870067960D /* RedView.m */ = {isa = PBXFileReference; fileEncoding = 4; lastKnownFileType = sourcecode.c.objc; path = RedView.m; sourceTree = "<group>"; };
/* End PBXFileReference section */

/* Begin PBXFrameworksBuildPhase section */
		FD601D7A1DFD367D0067960D /* Frameworks */ = {
			isa = PBXFrameworksBuildPhase;
			buildActionMask = 2147483647;
			files = (
			);
			runOnlyForDeploymentPostprocessing = 0;
		};
/* End PBXFrameworksBuildPhase section */

/* Begin PBXGroup section */
		FD601D741DFD367D0067960D = {
			isa = PBXGroup;
			children = (
				FD601D7F1DFD367D0067960D /* 12-UIView与核心动画的区别 */,
				FD601D7E1DFD367D0067960D /* Products */,
			);
			sourceTree = "<group>";
		};
		FD601D7E1DFD367D0067960D /* Products */ = {
			isa = PBXGroup;
			children = (
				FD601D7D1DFD367D0067960D /* 12-UIView与核心动画的区别.app */,
			);
			name = Products;
			sourceTree = "<group>";
		};
		FD601D7F1DFD367D0067960D /* 12-UIView与核心动画的区别 */ = {
			isa = PBXGroup;
			children = (
				FD601D831DFD367D0067960D /* AppDelegate.h */,
				FD601D841DFD367D0067960D /* AppDelegate.m */,
				FD601D861DFD367D0067960D /* ViewController.h */,
				FD601D871DFD367D0067960D /* ViewController.m */,
				FD601D971DFD38870067960D /* RedView.h */,
				FD601D981DFD38870067960D /* RedView.m */,
				FD601D891DFD367D0067960D /* Main.storyboard */,
				FD601D8C1DFD367D0067960D /* Assets.xcassets */,
				FD601D8E1DFD367D0067960D /* LaunchScreen.storyboard */,
				FD601D911DFD367D0067960D /* Info.plist */,
				FD601D801DFD367D0067960D /* Supporting Files */,
			);
			path = "12-UIView与核心动画的区别";
			sourceTree = "<group>";
		};
		FD601D801DFD367D0067960D /* Supporting Files */ = {
			isa = PBXGroup;
			children = (
				FD601D811DFD367D0067960D /* main.m */,
			);
			name = "Supporting Files";
			sourceTree = "<group>";
		};
/* End PBXGroup section */

/* Begin PBXNativeTarget section */
		FD601D7C1DFD367D0067960D /* 12-UIView与核心动画的区别 */ = {
			isa = PBXNativeTarget;
			buildConfigurationList = FD601D941DFD367D0067960D /* Build configuration list for PBXNativeTarget "12-UIView与核心动画的区别" */;
			buildPhases = (
				FD601D791DFD367D0067960D /* Sources */,
				FD601D7A1DFD367D0067960D /* Frameworks */,
				FD601D7B1DFD367D0067960D /* Resources */,
			);
			buildRules = (
			);
			dependencies = (
			);
			name = "12-UIView与核心动画的区别";
			productName = "12-UIView与核心动画的区别";
			productReference = FD601D7D1DFD367D0067960D /* 12-UIView与核心动画的区别.app */;
			productType = "com.apple.product-type.application";
		};
/* End PBXNativeTarget section */

/* Begin PBXProject section */
		FD601D751DFD367D0067960D /* Project object */ = {
			isa = PBXProject;
			attributes = {
				LastUpgradeCheck = 0810;
				ORGANIZATIONNAME = "林洵锋";
				TargetAttributes = {
					FD601D7C1DFD367D0067960D = {
						CreatedOnToolsVersion = 8.1;
						ProvisioningStyle = Automatic;
					};
				};
			};
			buildConfigurationList = FD601D781DFD367D0067960D /* Build configuration list for PBXProject "12-UIView与核心动画的区别" */;
			compatibilityVersion = "Xcode 3.2";
			developmentRegion = English;
			hasScannedForEncodings = 0;
			knownRegions = (
				en,
				Base,
			);
			mainGroup = FD601D741DFD367D0067960D;
			productRefGroup = FD601D7E1DFD367D0067960D /* Products */;
			projectDirPath = "";
			projectRoot = "";
			targets = (
				FD601D7C1DFD367D0067960D /* 12-UIView与核心动画的区别 */,
			);
		};
/* End PBXProject section */

/* Begin PBXResourcesBuildPhase section */
		FD601D7B1DFD367D0067960D /* Resources */ = {
			isa = PBXResourcesBuildPhase;
			buildActionMask = 2147483647;
			files = (
				FD601D901DFD367D0067960D /* LaunchScreen.storyboard in Resources */,
				FD601D8D1DFD367D0067960D /* Assets.xcassets in Resources */,
				FD601D8B1DFD367D0067960D /* Main.storyboard in Resources */,
			);
			runOnlyForDeploymentPostprocessing = 0;
		};
/* End PBXResourcesBuildPhase section */

/* Begin PBXSourcesBuildPhase section */
		FD601D791DFD367D0067960D /* Sources */ = {
			isa = PBXSourcesBuildPhase;
			buildActionMask = 2147483647;
			files = (
				FD601D881DFD367D0067960D /* ViewController.m in Sources */,
				FD601D851DFD367D0067960D /* AppDelegate.m in Sources */,
				FD601D991DFD38870067960D /* RedView.m in Sources */,
				FD601D821DFD367D0067960D /* main.m in Sources */,
			);
			runOnlyForDeploymentPostprocessing = 0;
		};
/* End PBXSourcesBuildPhase section */

/* Begin PBXVariantGroup section */
		FD601D891DFD367D0067960D /* Main.storyboard */ = {
			isa = PBXVariantGroup;
			children = (
				FD601D8A1DFD367D0067960D /* Base */,
			);
			name = Main.storyboard;
			sourceTree = "<group>";
		};
		FD601D8E1DFD367D0067960D /* LaunchScreen.storyboard */ = {
			isa = PBXVariantGroup;
			children = (
				FD601D8F1DFD367D0067960D /* Base */,
			);
			name = LaunchScreen.storyboard;
			sourceTree = "<group>";
		};
/* End PBXVariantGroup section */

/* Begin XCBuildConfiguration section */
		FD601D921DFD367D0067960D /* Debug */ = {
			isa = XCBuildConfiguration;
			buildSettings = {
				ALWAYS_SEARCH_USER_PATHS = NO;
				CLANG_ANALYZER_NONNULL = YES;
				CLANG_CXX_LANGUAGE_STANDARD = "gnu++0x";
				CLANG_CXX_LIBRARY = "libc++";
				CLANG_ENABLE_MODULES = YES;
				CLANG_ENABLE_OBJC_ARC = YES;
				CLANG_WARN_BOOL_CONVERSION = YES;
				CLANG_WARN_CONSTANT_CONVERSION = YES;
				CLANG_WARN_DIRECT_OBJC_ISA_USAGE = YES_ERROR;
				CLANG_WARN_DOCUMENTATION_COMMENTS = YES;
				CLANG_WARN_EMPTY_BODY = YES;
				CLANG_WARN_ENUM_CONVERSION = YES;
				CLANG_WARN_INFINITE_RECURSION = YES;
				CLANG_WARN_INT_CONVERSION = YES;
				CLANG_WARN_OBJC_ROOT_CLASS = YES_ERROR;
				CLANG_WARN_SUSPICIOUS_MOVES = YES;
				CLANG_WARN_UNREACHABLE_CODE = YES;
				CLANG_WARN__DUPLICATE_METHOD_MATCH = YES;
				"CODE_SIGN_IDENTITY[sdk=iphoneos*]" = "iPhone Developer";
				COPY_PHASE_STRIP = NO;
				DEBUG_INFORMATION_FORMAT = dwarf;
				ENABLE_STRICT_OBJC_MSGSEND = YES;
				ENABLE_TESTABILITY = YES;
				GCC_C_LANGUAGE_STANDARD = gnu99;
				GCC_DYNAMIC_NO_PIC = NO;
				GCC_NO_COMMON_BLOCKS = YES;
				GCC_OPTIMIZATION_LEVEL = 0;
				GCC_PREPROCESSOR_DEFINITIONS = (
					"DEBUG=1",
					"$(inherited)",
				);
				GCC_WARN_64_TO_32_BIT_CONVERSION = YES;
				GCC_WARN_ABOUT_RETURN_TYPE = YES_ERROR;
				GCC_WARN_UNDECLARED_SELECTOR = YES;
				GCC_WARN_UNINITIALIZED_AUTOS = YES_AGGRESSIVE;
				GCC_WARN_UNUSED_FUNCTION = YES;
				GCC_WARN_UNUSED_VARIABLE = YES;
				IPHONEOS_DEPLOYMENT_TARGET = 10.1;
				MTL_ENABLE_DEBUG_INFO = YES;
				ONLY_ACTIVE_ARCH = YES;
				SDKROOT = iphoneos;
			};
			name = Debug;
		};
		FD601D931DFD367D0067960D /* Release */ = {
			isa = XCBuildConfiguration;
			buildSettings = {
				ALWAYS_SEARCH_USER_PATHS = NO;
				CLANG_ANALYZER_NONNULL = YES;
				CLANG_CXX_LANGUAGE_STANDARD = "gnu++0x";
				CLANG_CXX_LIBRARY = "libc++";
				CLANG_ENABLE_MODULES = YES;
				CLANG_ENABLE_OBJC_ARC = YES;
				CLANG_WARN_BOOL_CONVERSION = YES;
				CLANG_WARN_CONSTANT_CONVERSION = YES;
				CLANG_WARN_DIRECT_OBJC_ISA_USAGE = YES_ERROR;
				CLANG_WARN_DOCUMENTATION_COMMENTS = YES;
				CLANG_WARN_EMPTY_BODY = YES;
				CLANG_WARN_ENUM_CONVERSION = YES;
				CLANG_WARN_INFINITE_RECURSION = YES;
				CLANG_WARN_INT_CONVERSION = YES;
				CLANG_WARN_OBJC_ROOT_CLASS = YES_ERROR;
				CLANG_WARN_SUSPICIOUS_MOVES = YES;
				CLANG_WARN_UNREACHABLE_CODE = YES;
				CLANG_WARN__DUPLICATE_METHOD_MATCH = YES;
				"CODE_SIGN_IDENTITY[sdk=iphoneos*]" = "iPhone Developer";
				COPY_PHASE_STRIP = NO;
				DEBUG_INFORMATION_FORMAT = "dwarf-with-dsym";
				ENABLE_NS_ASSERTIONS = NO;
				ENABLE_STRICT_OBJC_MSGSEND = YES;
				GCC_C_LANGUAGE_STANDARD = gnu99;
				GCC_NO_COMMON_BLOCKS = YES;
				GCC_WARN_64_TO_32_BIT_CONVERSION = YES;
				GCC_WARN_ABOUT_RETURN_TYPE = YES_ERROR;
				GCC_WARN_UNDECLARED_SELECTOR = YES;
				GCC_WARN_UNINITIALIZED_AUTOS = YES_AGGRESSIVE;
				GCC_WARN_UNUSED_FUNCTION = YES;
				GCC_WARN_UNUSED_VARIABLE = YES;
				IPHONEOS_DEPLOYMENT_TARGET = 10.1;
				MTL_ENABLE_DEBUG_INFO = NO;
				SDKROOT = iphoneos;
				VALIDATE_PRODUCT = YES;
			};
			name = Release;
		};
		FD601D951DFD367D0067960D /* Debug */ = {
			isa = XCBuildConfiguration;
			buildSettings = {
				ASSETCATALOG_COMPILER_APPICON_NAME = AppIcon;
				INFOPLIST_FILE = "12-UIView与核心动画的区别/Info.plist";
				LD_RUNPATH_SEARCH_PATHS = "$(inherited) @executable_path/Frameworks";
				PRODUCT_BUNDLE_IDENTIFIER = "com.LXF.-2-UIView--------";
				PRODUCT_NAME = "$(TARGET_NAME)";
			};
			name = Debug;
		};
		FD601D961DFD367D0067960D /* Release */ = {
			isa = XCBuildConfiguration;
			buildSettings = {
				ASSETCATALOG_COMPILER_APPICON_NAME = AppIcon;
				INFOPLIST_FILE = "12-UIView与核心动画的区别/Info.plist";
				LD_RUNPATH_SEARCH_PATHS = "$(inherited) @executable_path/Frameworks";
				PRODUCT_BUNDLE_IDENTIFIER = "com.LXF.-2-UIView--------";
				PRODUCT_NAME = "$(TARGET_NAME)";
			};
			name = Release;
		};
/* End XCBuildConfiguration section */

/* Begin XCConfigurationList section */
		FD601D781DFD367D0067960D /* Build configuration list for PBXProject "12-UIView与核心动画的区别" */ = {
			isa = XCConfigurationList;
			buildConfigurations = (
				FD601D921DFD367D0067960D /* Debug */,
				FD601D931DFD367D0067960D /* Release */,
			);
			defaultConfigurationIsVisible = 0;
			defaultConfigurationName = Release;
		};
		FD601D941DFD367D0067960D /* Build configuration list for PBXNativeTarget "12-UIView与核心动画的区别" */ = {
			isa = XCConfigurationList;
			buildConfigurations = (
				FD601D951DFD367D0067960D /* Debug */,
				FD601D961DFD367D0067960D /* Release */,
			);
			defaultConfigurationIsVisible = 0;
		};
/* End XCConfigurationList section */
	};
	rootObject = FD601D751DFD367D0067960D /* Project object */;
}
