// !$*UTF8*$!
{
	archiveVersion = 1;
	classes = {
	};
	objectVersion = 46;
	objects = {

/* Begin PBXBuildFile section */
		FD483C5F1DFE98A200375399 /* LXFWheelBtn.m in Sources */ = {isa = PBXBuildFile; fileRef = FD483C5E1DFE98A200375399 /* LXFWheelBtn.m */; };
		FD601DA81DFD47020067960D /* main.m in Sources */ = {isa = PBXBuildFile; fileRef = FD601DA71DFD47020067960D /* main.m */; };
		FD601DAB1DFD47020067960D /* AppDelegate.m in Sources */ = {isa = PBXBuildFile; fileRef = FD601DAA1DFD47020067960D /* AppDelegate.m */; };
		FD601DAE1DFD47020067960D /* ViewController.m in Sources */ = {isa = PBXBuildFile; fileRef = FD601DAD1DFD47020067960D /* ViewController.m */; };
		FD601DB11DFD47020067960D /* Main.storyboard in Resources */ = {isa = PBXBuildFile; fileRef = FD601DAF1DFD47020067960D /* Main.storyboard */; };
		FD601DB31DFD47020067960D /* Assets.xcassets in Resources */ = {isa = PBXBuildFile; fileRef = FD601DB21DFD47020067960D /* Assets.xcassets */; };
		FD601DB61DFD47020067960D /* LaunchScreen.storyboard in Resources */ = {isa = PBXBuildFile; fileRef = FD601DB41DFD47020067960D /* LaunchScreen.storyboard */; };
		FD601DBF1DFD47AD0067960D /* LXFWheelView.m in Sources */ = {isa = PBXBuildFile; fileRef = FD601DBE1DFD47AD0067960D /* LXFWheelView.m */; };
		FD601DC11DFD47CB0067960D /* LXFWheelView.xib in Resources */ = {isa = PBXBuildFile; fileRef = FD601DC01DFD47CB0067960D /* LXFWheelView.xib */; };
/* End PBXBuildFile section */

/* Begin PBXFileReference section */
		FD483C5D1DFE98A200375399 /* LXFWheelBtn.h */ = {isa = PBXFileReference; fileEncoding = 4; lastKnownFileType = sourcecode.c.h; path = LXFWheelBtn.h; sourceTree = "<group>"; };
		FD483C5E1DFE98A200375399 /* LXFWheelBtn.m */ = {isa = PBXFileReference; fileEncoding = 4; lastKnownFileType = sourcecode.c.objc; path = LXFWheelBtn.m; sourceTree = "<group>"; };
		FD601DA31DFD47020067960D /* 13-转盘.app */ = {isa = PBXFileReference; explicitFileType = wrapper.application; includeInIndex = 0; path = "13-转盘.app"; sourceTree = BUILT_PRODUCTS_DIR; };
		FD601DA71DFD47020067960D /* main.m */ = {isa = PBXFileReference; lastKnownFileType = sourcecode.c.objc; path = main.m; sourceTree = "<group>"; };
		FD601DA91DFD47020067960D /* AppDelegate.h */ = {isa = PBXFileReference; lastKnownFileType = sourcecode.c.h; path = AppDelegate.h; sourceTree = "<group>"; };
		FD601DAA1DFD47020067960D /* AppDelegate.m */ = {isa = PBXFileReference; lastKnownFileType = sourcecode.c.objc; path = AppDelegate.m; sourceTree = "<group>"; };
		FD601DAC1DFD47020067960D /* ViewController.h */ = {isa = PBXFileReference; lastKnownFileType = sourcecode.c.h; path = ViewController.h; sourceTree = "<group>"; };
		FD601DAD1DFD47020067960D /* ViewController.m */ = {isa = PBXFileReference; lastKnownFileType = sourcecode.c.objc; path = ViewController.m; sourceTree = "<group>"; };
		FD601DB01DFD47020067960D /* Base */ = {isa = PBXFileReference; lastKnownFileType = file.storyboard; name = Base; path = Base.lproj/Main.storyboard; sourceTree = "<group>"; };
		FD601DB21DFD47020067960D /* Assets.xcassets */ = {isa = PBXFileReference; lastKnownFileType = folder.assetcatalog; path = Assets.xcassets; sourceTree = "<group>"; };
		FD601DB51DFD47020067960D /* Base */ = {isa = PBXFileReference; lastKnownFileType = file.storyboard; name = Base; path = Base.lproj/LaunchScreen.storyboard; sourceTree = "<group>"; };
		FD601DB71DFD47020067960D /* Info.plist */ = {isa = PBXFileReference; lastKnownFileType = text.plist.xml; path = Info.plist; sourceTree = "<group>"; };
		FD601DBD1DFD47AD0067960D /* LXFWheelView.h */ = {isa = PBXFileReference; fileEncoding = 4; lastKnownFileType = sourcecode.c.h; path = LXFWheelView.h; sourceTree = "<group>"; };
		FD601DBE1DFD47AD0067960D /* LXFWheelView.m */ = {isa = PBXFileReference; fileEncoding = 4; lastKnownFileType = sourcecode.c.objc; path = LXFWheelView.m; sourceTree = "<group>"; };
		FD601DC01DFD47CB0067960D /* LXFWheelView.xib */ = {isa = PBXFileReference; fileEncoding = 4; lastKnownFileType = file.xib; path = LXFWheelView.xib; sourceTree = "<group>"; };
/* End PBXFileReference section */

/* Begin PBXFrameworksBuildPhase section */
		FD601DA01DFD47020067960D /* Frameworks */ = {
			isa = PBXFrameworksBuildPhase;
			buildActionMask = 2147483647;
			files = (
			);
			runOnlyForDeploymentPostprocessing = 0;
		};
/* End PBXFrameworksBuildPhase section */

/* Begin PBXGroup section */
		FD601D9A1DFD47020067960D = {
			isa = PBXGroup;
			children = (
				FD601DA51DFD47020067960D /* 13-转盘 */,
				FD601DA41DFD47020067960D /* Products */,
			);
			sourceTree = "<group>";
		};
		FD601DA41DFD47020067960D /* Products */ = {
			isa = PBXGroup;
			children = (
				FD601DA31DFD47020067960D /* 13-转盘.app */,
			);
			name = Products;
			sourceTree = "<group>";
		};
		FD601DA51DFD47020067960D /* 13-转盘 */ = {
			isa = PBXGroup;
			children = (
				FD601DA91DFD47020067960D /* AppDelegate.h */,
				FD601DAA1DFD47020067960D /* AppDelegate.m */,
				FD601DAC1DFD47020067960D /* ViewController.h */,
				FD601DAD1DFD47020067960D /* ViewController.m */,
				FD601DAF1DFD47020067960D /* Main.storyboard */,
				FD601DBD1DFD47AD0067960D /* LXFWheelView.h */,
				FD601DBE1DFD47AD0067960D /* LXFWheelView.m */,
				FD601DC01DFD47CB0067960D /* LXFWheelView.xib */,
				FD483C5D1DFE98A200375399 /* LXFWheelBtn.h */,
				FD483C5E1DFE98A200375399 /* LXFWheelBtn.m */,
				FD601DB21DFD47020067960D /* Assets.xcassets */,
				FD601DB41DFD47020067960D /* LaunchScreen.storyboard */,
				FD601DB71DFD47020067960D /* Info.plist */,
				FD601DA61DFD47020067960D /* Supporting Files */,
			);
			path = "13-转盘";
			sourceTree = "<group>";
		};
		FD601DA61DFD47020067960D /* Supporting Files */ = {
			isa = PBXGroup;
			children = (
				FD601DA71DFD47020067960D /* main.m */,
			);
			name = "Supporting Files";
			sourceTree = "<group>";
		};
/* End PBXGroup section */

/* Begin PBXNativeTarget section */
		FD601DA21DFD47020067960D /* 13-转盘 */ = {
			isa = PBXNativeTarget;
			buildConfigurationList = FD601DBA1DFD47020067960D /* Build configuration list for PBXNativeTarget "13-转盘" */;
			buildPhases = (
				FD601D9F1DFD47020067960D /* Sources */,
				FD601DA01DFD47020067960D /* Frameworks */,
				FD601DA11DFD47020067960D /* Resources */,
			);
			buildRules = (
			);
			dependencies = (
			);
			name = "13-转盘";
			productName = "13-转盘";
			productReference = FD601DA31DFD47020067960D /* 13-转盘.app */;
			productType = "com.apple.product-type.application";
		};
/* End PBXNativeTarget section */

/* Begin PBXProject section */
		FD601D9B1DFD47020067960D /* Project object */ = {
			isa = PBXProject;
			attributes = {
				LastUpgradeCheck = 0810;
				ORGANIZATIONNAME = "林洵锋";
				TargetAttributes = {
					FD601DA21DFD47020067960D = {
						CreatedOnToolsVersion = 8.1;
						ProvisioningStyle = Automatic;
					};
				};
			};
			buildConfigurationList = FD601D9E1DFD47020067960D /* Build configuration list for PBXProject "13-转盘" */;
			compatibilityVersion = "Xcode 3.2";
			developmentRegion = English;
			hasScannedForEncodings = 0;
			knownRegions = (
				en,
				Base,
			);
			mainGroup = FD601D9A1DFD47020067960D;
			productRefGroup = FD601DA41DFD47020067960D /* Products */;
			projectDirPath = "";
			projectRoot = "";
			targets = (
				FD601DA21DFD47020067960D /* 13-转盘 */,
			);
		};
/* End PBXProject section */

/* Begin PBXResourcesBuildPhase section */
		FD601DA11DFD47020067960D /* Resources */ = {
			isa = PBXResourcesBuildPhase;
			buildActionMask = 2147483647;
			files = (
				FD601DB61DFD47020067960D /* LaunchScreen.storyboard in Resources */,
				FD601DB31DFD47020067960D /* Assets.xcassets in Resources */,
				FD601DB11DFD47020067960D /* Main.storyboard in Resources */,
				FD601DC11DFD47CB0067960D /* LXFWheelView.xib in Resources */,
			);
			runOnlyForDeploymentPostprocessing = 0;
		};
/* End PBXResourcesBuildPhase section */

/* Begin PBXSourcesBuildPhase section */
		FD601D9F1DFD47020067960D /* Sources */ = {
			isa = PBXSourcesBuildPhase;
			buildActionMask = 2147483647;
			files = (
				FD601DAE1DFD47020067960D /* ViewController.m in Sources */,
				FD601DAB1DFD47020067960D /* AppDelegate.m in Sources */,
				FD483C5F1DFE98A200375399 /* LXFWheelBtn.m in Sources */,
				FD601DA81DFD47020067960D /* main.m in Sources */,
				FD601DBF1DFD47AD0067960D /* LXFWheelView.m in Sources */,
			);
			runOnlyForDeploymentPostprocessing = 0;
		};
/* End PBXSourcesBuildPhase section */

/* Begin PBXVariantGroup section */
		FD601DAF1DFD47020067960D /* Main.storyboard */ = {
			isa = PBXVariantGroup;
			children = (
				FD601DB01DFD47020067960D /* Base */,
			);
			name = Main.storyboard;
			sourceTree = "<group>";
		};
		FD601DB41DFD47020067960D /* LaunchScreen.storyboard */ = {
			isa = PBXVariantGroup;
			children = (
				FD601DB51DFD47020067960D /* Base */,
			);
			name = LaunchScreen.storyboard;
			sourceTree = "<group>";
		};
/* End PBXVariantGroup section */

/* Begin XCBuildConfiguration section */
		FD601DB81DFD47020067960D /* Debug */ = {
			isa = XCBuildConfiguration;
			buildSettings = {
				ALWAYS_SEARCH_USER_PATHS = NO;
				CLANG_ANALYZER_NONNULL = YES;
				CLANG_CXX_LANGUAGE_STANDARD = "gnu++0x";
				CLANG_CXX_LIBRARY = "libc++";
				CLANG_ENABLE_MODULES = YES;
				CLANG_ENABLE_OBJC_ARC = YES;
				CLANG_WARN_BOOL_CONVERSION = YES;
				CLANG_WARN_CONSTANT_CONVERSION = YES;
				CLANG_WARN_DIRECT_OBJC_ISA_USAGE = YES_ERROR;
				CLANG_WARN_DOCUMENTATION_COMMENTS = YES;
				CLANG_WARN_EMPTY_BODY = YES;
				CLANG_WARN_ENUM_CONVERSION = YES;
				CLANG_WARN_INFINITE_RECURSION = YES;
				CLANG_WARN_INT_CONVERSION = YES;
				CLANG_WARN_OBJC_ROOT_CLASS = YES_ERROR;
				CLANG_WARN_SUSPICIOUS_MOVES = YES;
				CLANG_WARN_UNREACHABLE_CODE = YES;
				CLANG_WARN__DUPLICATE_METHOD_MATCH = YES;
				"CODE_SIGN_IDENTITY[sdk=iphoneos*]" = "iPhone Developer";
				COPY_PHASE_STRIP = NO;
				DEBUG_INFORMATION_FORMAT = dwarf;
				ENABLE_STRICT_OBJC_MSGSEND = YES;
				ENABLE_TESTABILITY = YES;
				GCC_C_LANGUAGE_STANDARD = gnu99;
				GCC_DYNAMIC_NO_PIC = NO;
				GCC_NO_COMMON_BLOCKS = YES;
				GCC_OPTIMIZATION_LEVEL = 0;
				GCC_PREPROCESSOR_DEFINITIONS = (
					"DEBUG=1",
					"$(inherited)",
				);
				GCC_WARN_64_TO_32_BIT_CONVERSION = YES;
				GCC_WARN_ABOUT_RETURN_TYPE = YES_ERROR;
				GCC_WARN_UNDECLARED_SELECTOR = YES;
				GCC_WARN_UNINITIALIZED_AUTOS = YES_AGGRESSIVE;
				GCC_WARN_UNUSED_FUNCTION = YES;
				GCC_WARN_UNUSED_VARIABLE = YES;
				IPHONEOS_DEPLOYMENT_TARGET = 10.1;
				MTL_ENABLE_DEBUG_INFO = YES;
				ONLY_ACTIVE_ARCH = YES;
				SDKROOT = iphoneos;
			};
			name = Debug;
		};
		FD601DB91DFD47020067960D /* Release */ = {
			isa = XCBuildConfiguration;
			buildSettings = {
				ALWAYS_SEARCH_USER_PATHS = NO;
				CLANG_ANALYZER_NONNULL = YES;
				CLANG_CXX_LANGUAGE_STANDARD = "gnu++0x";
				CLANG_CXX_LIBRARY = "libc++";
				CLANG_ENABLE_MODULES = YES;
				CLANG_ENABLE_OBJC_ARC = YES;
				CLANG_WARN_BOOL_CONVERSION = YES;
				CLANG_WARN_CONSTANT_CONVERSION = YES;
				CLANG_WARN_DIRECT_OBJC_ISA_USAGE = YES_ERROR;
				CLANG_WARN_DOCUMENTATION_COMMENTS = YES;
				CLANG_WARN_EMPTY_BODY = YES;
				CLANG_WARN_ENUM_CONVERSION = YES;
				CLANG_WARN_INFINITE_RECURSION = YES;
				CLANG_WARN_INT_CONVERSION = YES;
				CLANG_WARN_OBJC_ROOT_CLASS = YES_ERROR;
				CLANG_WARN_SUSPICIOUS_MOVES = YES;
				CLANG_WARN_UNREACHABLE_CODE = YES;
				CLANG_WARN__DUPLICATE_METHOD_MATCH = YES;
				"CODE_SIGN_IDENTITY[sdk=iphoneos*]" = "iPhone Developer";
				COPY_PHASE_STRIP = NO;
				DEBUG_INFORMATION_FORMAT = "dwarf-with-dsym";
				ENABLE_NS_ASSERTIONS = NO;
				ENABLE_STRICT_OBJC_MSGSEND = YES;
				GCC_C_LANGUAGE_STANDARD = gnu99;
				GCC_NO_COMMON_BLOCKS = YES;
				GCC_WARN_64_TO_32_BIT_CONVERSION = YES;
				GCC_WARN_ABOUT_RETURN_TYPE = YES_ERROR;
				GCC_WARN_UNDECLARED_SELECTOR = YES;
				GCC_WARN_UNINITIALIZED_AUTOS = YES_AGGRESSIVE;
				GCC_WARN_UNUSED_FUNCTION = YES;
				GCC_WARN_UNUSED_VARIABLE = YES;
				IPHONEOS_DEPLOYMENT_TARGET = 10.1;
				MTL_ENABLE_DEBUG_INFO = NO;
				SDKROOT = iphoneos;
				VALIDATE_PRODUCT = YES;
			};
			name = Release;
		};
		FD601DBB1DFD47020067960D /* Debug */ = {
			isa = XCBuildConfiguration;
			buildSettings = {
				ASSETCATALOG_COMPILER_APPICON_NAME = AppIcon;
				INFOPLIST_FILE = "13-转盘/Info.plist";
				LD_RUNPATH_SEARCH_PATHS = "$(inherited) @executable_path/Frameworks";
				PRODUCT_BUNDLE_IDENTIFIER = "com.LXF.-3---";
				PRODUCT_NAME = "$(TARGET_NAME)";
			};
			name = Debug;
		};
		FD601DBC1DFD47020067960D /* Release */ = {
			isa = XCBuildConfiguration;
			buildSettings = {
				ASSETCATALOG_COMPILER_APPICON_NAME = AppIcon;
				INFOPLIST_FILE = "13-转盘/Info.plist";
				LD_RUNPATH_SEARCH_PATHS = "$(inherited) @executable_path/Frameworks";
				PRODUCT_BUNDLE_IDENTIFIER = "com.LXF.-3---";
				PRODUCT_NAME = "$(TARGET_NAME)";
			};
			name = Release;
		};
/* End XCBuildConfiguration section */

/* Begin XCConfigurationList section */
		FD601D9E1DFD47020067960D /* Build configuration list for PBXProject "13-转盘" */ = {
			isa = XCConfigurationList;
			buildConfigurations = (
				FD601DB81DFD47020067960D /* Debug */,
				FD601DB91DFD47020067960D /* Release */,
			);
			defaultConfigurationIsVisible = 0;
			defaultConfigurationName = Release;
		};
		FD601DBA1DFD47020067960D /* Build configuration list for PBXNativeTarget "13-转盘" */ = {
			isa = XCConfigurationList;
			buildConfigurations = (
				FD601DBB1DFD47020067960D /* Debug */,
				FD601DBC1DFD47020067960D /* Release */,
			);
			defaultConfigurationIsVisible = 0;
			defaultConfigurationName = Release;
		};
/* End XCConfigurationList section */
	};
	rootObject = FD601D9B1DFD47020067960D /* Project object */;
}
